# THIS IS AN AUTOGENERATED FILE. DO NOT EDIT THIS FILE DIRECTLY.
# yarn lockfile v1


"@citizenfx/client@^1.0.3259-1":
  version "1.0.3259-1"
  resolved "https://registry.yarnpkg.com/@citizenfx/client/-/client-1.0.3259-1.tgz#9989124dc3e1b6bf228d2ef2870ee230c8c5f01d"
  integrity sha512-6hiwqj+ha+OfZtibZT0qnzLJZ+SCWiAR9eX9cC01L9RDvT80Wns3XqK4dDfhdbnrmqrYLhzGzd7K3WzBbX0pLQ==

"@citizenfx/server@^1.0.3259-1":
  version "1.0.3259-1"
  resolved "https://registry.yarnpkg.com/@citizenfx/server/-/server-1.0.3259-1.tgz#7ca3cc387d054df2c11f9d9d61ad7129871d1bb0"
  integrity sha512-T0gmFKFOJXDrI5u+cCVfIz7Jk0+fIvOB+opjXYx3id1PwbQsFwDyhSHE0rp3AhTJmhLTA3xXB9c90G3yG3zmBQ==

"@vrpjs/client@^1.0.4":
  version "1.0.4"
  resolved "https://registry.yarnpkg.com/@vrpjs/client/-/client-1.0.4.tgz#48c8438924b41d5e67d19704f8c958b0e8a802da"
  integrity sha512-cFfw5+GwFgnrjX6tFE+xHdoia2suMWLTeQPthUM/CiyQKWiLQ2W5/xCGhtxow6KE3RxDqycekVyN72Ko6aywtQ==
  dependencies:
    "@citizenfx/client" "^1.0.3259-1"

"@vrpjs/server@^1.0.4":
  version "1.0.4"
  resolved "https://registry.yarnpkg.com/@vrpjs/server/-/server-1.0.4.tgz#5e402695cbf5bd5807d092687194bfb5ba4f8553"
  integrity sha512-PFXqgqmsmYi0aDrm9d8fTa9ro8ALRZTGDUQi7OEhrGHdNT4V0zOGeRwNxHDTPrvCJmKpqQoQDVfnVuILYXiUTQ==
  dependencies:
    "@citizenfx/server" "^1.0.3259-1"
